
Microsoft Visual Studio Solution File, Format Version 12.00
# Visual Studio Version 16
VisualStudioVersion = 25.0.1704.2
MinimumVisualStudioVersion = 10.0.40219.1
Project("{FAE04EC0-301F-11D3-BF4B-00C04F79EFBC}") = "AffineTransformSample", "AffineTransformSample\AffineTransformSample.csproj", "{E34D6A89-60E9-4141-B565-1A3BE6A44DF3}"
EndProject
Global
	GlobalSection(SolutionConfigurationPlatforms) = preSolution
		Debug|iPhoneSimulator = Debug|iPhoneSimulator
		Release|iPhoneSimulator = Release|iPhoneSimulator
		Debug|iPhone = Debug|iPhone
		Release|iPhone = Release|iPhone
	EndGlobalSection
	GlobalSection(ProjectConfigurationPlatforms) = postSolution
		{E34D6A89-60E9-4141-B565-1A3BE6A44DF3}.Debug|iPhoneSimulator.ActiveCfg = Debug|iPhoneSimulator
		{E34D6A89-60E9-4141-B565-1A3BE6A44DF3}.Debug|iPhoneSimulator.Build.0 = Debug|iPhoneSimulator
		{E34D6A89-60E9-4141-B565-1A3BE6A44DF3}.Release|iPhoneSimulator.ActiveCfg = Release|iPhoneSimulator
		{E34D6A89-60E9-4141-B565-1A3BE6A44DF3}.Release|iPhoneSimulator.Build.0 = Release|iPhoneSimulator
		{E34D6A89-60E9-4141-B565-1A3BE6A44DF3}.Debug|iPhone.ActiveCfg = Debug|iPhone
		{E34D6A89-60E9-4141-B565-1A3BE6A44DF3}.Debug|iPhone.Build.0 = Debug|iPhone
		{E34D6A89-60E9-4141-B565-1A3BE6A44DF3}.Release|iPhone.ActiveCfg = Release|iPhone
		{E34D6A89-60E9-4141-B565-1A3BE6A44DF3}.Release|iPhone.Build.0 = Release|iPhone
	EndGlobalSection
	GlobalSection(SolutionProperties) = preSolution
		HideSolutionNode = FALSE
	EndGlobalSection
	GlobalSection(ExtensibilityGlobals) = postSolution
		SolutionGuid = {975C6037-39CF-40AE-885F-1F207CDC28A9}
	EndGlobalSection
EndGlobal
